
Microsoft Visual Studio Solution File, Format Version 12.00
# Visual Studio Version 17
VisualStudioVersion = 17.14.37531.7 d17.14
MinimumVisualStudioVersion = 10.0.40219.1
Project("{FAE04EC0-301F-11D3-BF4B-00C04F79EFBC}") = "SanguoGame.Server", "SanguoGame.Server.csproj", "{9EBB7D91-42EA-4005-A78E-CAE7C57A399E}"
EndProject
Global
	GlobalSection(SolutionConfigurationPlatforms) = preSolution
		Debug|Any CPU = Debug|Any CPU
		Release|Any CPU = Release|Any CPU
	EndGlobalSection
	GlobalSection(ProjectConfigurationPlatforms) = postSolution
		{9EBB7D91-42EA-4005-A78E-CAE7C57A399E}.Debug|Any CPU.ActiveCfg = Debug|Any CPU
		{9EBB7D91-42EA-4005-A78E-CAE7C57A399E}.Debug|Any CPU.Build.0 = Debug|Any CPU
		{9EBB7D91-42EA-4005-A78E-CAE7C57A399E}.Release|Any CPU.ActiveCfg = Release|Any CPU
		{9EBB7D91-42EA-4005-A78E-CAE7C57A399E}.Release|Any CPU.Build.0 = Release|Any CPU
	EndGlobalSection
	GlobalSection(SolutionProperties) = preSolution
		HideSolutionNode = FALSE
	EndGlobalSection
	GlobalSection(ExtensibilityGlobals) = postSolution
		SolutionGuid = {0FFFD6B6-9B24-44D3-8B5C-41D36DE35C8C}
	EndGlobalSection
EndGlobal
